
Microsoft Visual Studio Solution File, Format Version 12.00
# Visual Studio Version 17
VisualStudioVersion = 17.1.32228.430
MinimumVisualStudioVersion = 10.0.40219.1
Project("{9A19103F-16F7-4668-BE54-9A1E7A4F7556}") = "TGbot", "TGbot\TGbot.csproj", "{362DD3EA-7B04-4B9F-AF6B-9EACC513070B}"
EndProject
Project("{FAE04EC0-301F-11D3-BF4B-00C04F79EFBC}") = "FinanceDesktop", "FinanceDesktop\FinanceDesktop.csproj", "{F7A71D9D-BF52-41FD-9885-45FD6239972A}"
EndProject
Global
	GlobalSection(SolutionConfigurationPlatforms) = preSolution
		Debug|Any CPU = Debug|Any CPU
		Release|Any CPU = Release|Any CPU
	EndGlobalSection
	GlobalSection(ProjectConfigurationPlatforms) = postSolution
		{362DD3EA-7B04-4B9F-AF6B-9EACC513070B}.Debug|Any CPU.ActiveCfg = Debug|Any CPU
		{362DD3EA-7B04-4B9F-AF6B-9EACC513070B}.Debug|Any CPU.Build.0 = Debug|Any CPU
		{362DD3EA-7B04-4B9F-AF6B-9EACC513070B}.Release|Any CPU.ActiveCfg = Release|Any CPU
		{362DD3EA-7B04-4B9F-AF6B-9EACC513070B}.Release|Any CPU.Build.0 = Release|Any CPU
		{F7A71D9D-BF52-41FD-9885-45FD6239972A}.Debug|Any CPU.ActiveCfg = Debug|Any CPU
		{F7A71D9D-BF52-41FD-9885-45FD6239972A}.Debug|Any CPU.Build.0 = Debug|Any CPU
		{F7A71D9D-BF52-41FD-9885-45FD6239972A}.Release|Any CPU.ActiveCfg = Release|Any CPU
		{F7A71D9D-BF52-41FD-9885-45FD6239972A}.Release|Any CPU.Build.0 = Release|Any CPU
	EndGlobalSection
	GlobalSection(SolutionProperties) = preSolution
		HideSolutionNode = FALSE
	EndGlobalSection
	GlobalSection(ExtensibilityGlobals) = postSolution
		SolutionGuid = {E812B637-B961-43CB-86F4-3F5E67CB8A78}
	EndGlobalSection
EndGlobal
